// !$*UTF8*$!
{
	archiveVersion = 1;
	classes = {
	};
	objectVersion = 46;
	objects = {

/* Begin PBXBuildFile section */
		AECF5ADB1AC74A55003C0330 /* AppDelegate.swift in Sources */ = {isa = PBXBuildFile; fileRef = AECF5ADA1AC74A55003C0330 /* AppDelegate.swift */; };
		AECF5ADD1AC74A55003C0330 /* Images.xcassets in Resources */ = {isa = PBXBuildFile; fileRef = AECF5ADC1AC74A55003C0330 /* Images.xcassets */; };
		AECF5AE01AC74A55003C0330 /* MainMenu.xib in Resources */ = {isa = PBXBuildFile; fileRef = AECF5ADE1AC74A55003C0330 /* MainMenu.xib */; };
		AECF5AEC1AC74A55003C0330 /* SickbeardLauncherTests.swift in Sources */ = {isa = PBXBuildFile; fileRef = AECF5AEB1AC74A55003C0330 /* SickbeardLauncherTests.swift */; };
/* End PBXBuildFile section */

/* Begin PBXContainerItemProxy section */
		AECF5AE61AC74A55003C0330 /* PBXContainerItemProxy */ = {
			isa = PBXContainerItemProxy;
			containerPortal = AECF5ACD1AC74A55003C0330 /* Project object */;
			proxyType = 1;
			remoteGlobalIDString = AECF5AD41AC74A55003C0330;
			remoteInfo = SickbeardLauncher;
		};
/* End PBXContainerItemProxy section */

/* Begin PBXFileReference section */
		AECF5AD51AC74A55003C0330 /* SickbeardLauncher.app */ = {isa = PBXFileReference; explicitFileType = wrapper.application; includeInIndex = 0; path = SickbeardLauncher.app; sourceTree = BUILT_PRODUCTS_DIR; };
		AECF5AD91AC74A55003C0330 /* Info.plist */ = {isa = PBXFileReference; lastKnownFileType = text.plist.xml; path = Info.plist; sourceTree = "<group>"; };
		AECF5ADA1AC74A55003C0330 /* AppDelegate.swift */ = {isa = PBXFileReference; lastKnownFileType = sourcecode.swift; path = AppDelegate.swift; sourceTree = "<group>"; };
		AECF5ADC1AC74A55003C0330 /* Images.xcassets */ = {isa = PBXFileReference; lastKnownFileType = folder.assetcatalog; path = Images.xcassets; sourceTree = "<group>"; };
		AECF5ADF1AC74A55003C0330 /* Base */ = {isa = PBXFileReference; lastKnownFileType = file.xib; name = Base; path = Base.lproj/MainMenu.xib; sourceTree = "<group>"; };
		AECF5AE51AC74A55003C0330 /* SickbeardLauncherTests.xctest */ = {isa = PBXFileReference; explicitFileType = wrapper.cfbundle; includeInIndex = 0; path = SickbeardLauncherTests.xctest; sourceTree = BUILT_PRODUCTS_DIR; };
		AECF5AEA1AC74A55003C0330 /* Info.plist */ = {isa = PBXFileReference; lastKnownFileType = text.plist.xml; path = Info.plist; sourceTree = "<group>"; };
		AECF5AEB1AC74A55003C0330 /* SickbeardLauncherTests.swift */ = {isa = PBXFileReference; lastKnownFileType = sourcecode.swift; path = SickbeardLauncherTests.swift; sourceTree = "<group>"; };
/* End PBXFileReference section */

/* Begin PBXFrameworksBuildPhase section */
		AECF5AD21AC74A55003C0330 /* Frameworks */ = {
			isa = PBXFrameworksBuildPhase;
			buildActionMask = 2147483647;
			files = (
			);
			runOnlyForDeploymentPostprocessing = 0;
		};
		AECF5AE21AC74A55003C0330 /* Frameworks */ = {
			isa = PBXFrameworksBuildPhase;
			buildActionMask = 2147483647;
			files = (
			);
			runOnlyForDeploymentPostprocessing = 0;
		};
/* End PBXFrameworksBuildPhase section */

/* Begin PBXGroup section */
		AECF5ACC1AC74A55003C0330 = {
			isa = PBXGroup;
			children = (
				AECF5AD71AC74A55003C0330 /* SickbeardLauncher */,
				AECF5AE81AC74A55003C0330 /* SickbeardLauncherTests */,
				AECF5AD61AC74A55003C0330 /* Products */,
			);
			sourceTree = "<group>";
		};
		AECF5AD61AC74A55003C0330 /* Products */ = {
			isa = PBXGroup;
			children = (
				AECF5AD51AC74A55003C0330 /* SickbeardLauncher.app */,
				AECF5AE51AC74A55003C0330 /* SickbeardLauncherTests.xctest */,
			);
			name = Products;
			sourceTree = "<group>";
		};
		AECF5AD71AC74A55003C0330 /* SickbeardLauncher */ = {
			isa = PBXGroup;
			children = (
				AECF5ADA1AC74A55003C0330 /* AppDelegate.swift */,
				AECF5ADC1AC74A55003C0330 /* Images.xcassets */,
				AECF5ADE1AC74A55003C0330 /* MainMenu.xib */,
				AECF5AD81AC74A55003C0330 /* Supporting Files */,
			);
			path = SickbeardLauncher;
			sourceTree = "<group>";
		};
		AECF5AD81AC74A55003C0330 /* Supporting Files */ = {
			isa = PBXGroup;
			children = (
				AECF5AD91AC74A55003C0330 /* Info.plist */,
			);
			name = "Supporting Files";
			sourceTree = "<group>";
		};
		AECF5AE81AC74A55003C0330 /* SickbeardLauncherTests */ = {
			isa = PBXGroup;
			children = (
				AECF5AEB1AC74A55003C0330 /* SickbeardLauncherTests.swift */,
				AECF5AE91AC74A55003C0330 /* Supporting Files */,
			);
			path = SickbeardLauncherTests;
			sourceTree = "<group>";
		};
		AECF5AE91AC74A55003C0330 /* Supporting Files */ = {
			isa = PBXGroup;
			children = (
				AECF5AEA1AC74A55003C0330 /* Info.plist */,
			);
			name = "Supporting Files";
			sourceTree = "<group>";
		};
/* End PBXGroup section */

/* Begin PBXNativeTarget section */
		AECF5AD41AC74A55003C0330 /* SickbeardLauncher */ = {
			isa = PBXNativeTarget;
			buildConfigurationList = AECF5AEF1AC74A55003C0330 /* Build configuration list for PBXNativeTarget "SickbeardLauncher" */;
			buildPhases = (
				AECF5AD11AC74A55003C0330 /* Sources */,
				AECF5AD21AC74A55003C0330 /* Frameworks */,
				AECF5AD31AC74A55003C0330 /* Resources */,
			);
			buildRules = (
			);
			dependencies = (
			);
			name = SickbeardLauncher;
			productName = SickbeardLauncher;
			productReference = AECF5AD51AC74A55003C0330 /* SickbeardLauncher.app */;
			productType = "com.apple.product-type.application";
		};
		AECF5AE41AC74A55003C0330 /* SickbeardLauncherTests */ = {
			isa = PBXNativeTarget;
			buildConfigurationList = AECF5AF21AC74A55003C0330 /* Build configuration list for PBXNativeTarget "SickbeardLauncherTests" */;
			buildPhases = (
				AECF5AE11AC74A55003C0330 /* Sources */,
				AECF5AE21AC74A55003C0330 /* Frameworks */,
				AECF5AE31AC74A55003C0330 /* Resources */,
			);
			buildRules = (
			);
			dependencies = (
				AECF5AE71AC74A55003C0330 /* PBXTargetDependency */,
			);
			name = SickbeardLauncherTests;
			productName = SickbeardLauncherTests;
			productReference = AECF5AE51AC74A55003C0330 /* SickbeardLauncherTests.xctest */;
			productType = "com.apple.product-type.bundle.unit-test";
		};
/* End PBXNativeTarget section */

/* Begin PBXProject section */
		AECF5ACD1AC74A55003C0330 /* Project object */ = {
			isa = PBXProject;
			attributes = {
				LastUpgradeCheck = 0620;
				ORGANIZATIONNAME = "Robert vd Steen";
				TargetAttributes = {
					AECF5AD41AC74A55003C0330 = {
						CreatedOnToolsVersion = 6.2;
					};
					AECF5AE41AC74A55003C0330 = {
						CreatedOnToolsVersion = 6.2;
						TestTargetID = AECF5AD41AC74A55003C0330;
					};
				};
			};
			buildConfigurationList = AECF5AD01AC74A55003C0330 /* Build configuration list for PBXProject "SickbeardLauncher" */;
			compatibilityVersion = "Xcode 3.2";
			developmentRegion = English;
			hasScannedForEncodings = 0;
			knownRegions = (
				en,
				Base,
			);
			mainGroup = AECF5ACC1AC74A55003C0330;
			productRefGroup = AECF5AD61AC74A55003C0330 /* Products */;
			projectDirPath = "";
			projectRoot = "";
			targets = (
				AECF5AD41AC74A55003C0330 /* SickbeardLauncher */,
				AECF5AE41AC74A55003C0330 /* SickbeardLauncherTests */,
			);
		};
/* End PBXProject section */

/* Begin PBXResourcesBuildPhase section */
		AECF5AD31AC74A55003C0330 /* Resources */ = {
			isa = PBXResourcesBuildPhase;
			buildActionMask = 2147483647;
			files = (
				AECF5ADD1AC74A55003C0330 /* Images.xcassets in Resources */,
				AECF5AE01AC74A55003C0330 /* MainMenu.xib in Resources */,
			);
			runOnlyForDeploymentPostprocessing = 0;
		};
		AECF5AE31AC74A55003C0330 /* Resources */ = {
			isa = PBXResourcesBuildPhase;
			buildActionMask = 2147483647;
			files = (
			);
			runOnlyForDeploymentPostprocessing = 0;
		};
/* End PBXResourcesBuildPhase section */

/* Begin PBXSourcesBuildPhase section */
		AECF5AD11AC74A55003C0330 /* Sources */ = {
			isa = PBXSourcesBuildPhase;
			buildActionMask = 2147483647;
			files = (
				AECF5ADB1AC74A55003C0330 /* AppDelegate.swift in Sources */,
			);
			runOnlyForDeploymentPostprocessing = 0;
		};
		AECF5AE11AC74A55003C0330 /* Sources */ = {
			isa = PBXSourcesBuildPhase;
			buildActionMask = 2147483647;
			files = (
				AECF5AEC1AC74A55003C0330 /* SickbeardLauncherTests.swift in Sources */,
			);
			runOnlyForDeploymentPostprocessing = 0;
		};
/* End PBXSourcesBuildPhase section */

/* Begin PBXTargetDependency section */
		AECF5AE71AC74A55003C0330 /* PBXTargetDependency */ = {
			isa = PBXTargetDependency;
			target = AECF5AD41AC74A55003C0330 /* SickbeardLauncher */;
			targetProxy = AECF5AE61AC74A55003C0330 /* PBXContainerItemProxy */;
		};
/* End PBXTargetDependency section */

/* Begin PBXVariantGroup section */
		AECF5ADE1AC74A55003C0330 /* MainMenu.xib */ = {
			isa = PBXVariantGroup;
			children = (
				AECF5ADF1AC74A55003C0330 /* Base */,
			);
			name = MainMenu.xib;
			sourceTree = "<group>";
		};
/* End PBXVariantGroup section */

/* Begin XCBuildConfiguration section */
		AECF5AED1AC74A55003C0330 /* Debug */ = {
			isa = XCBuildConfiguration;
			buildSettings = {
				ALWAYS_SEARCH_USER_PATHS = NO;
				CLANG_CXX_LANGUAGE_STANDARD = "gnu++0x";
				CLANG_CXX_LIBRARY = "libc++";
				CLANG_ENABLE_MODULES = YES;
				CLANG_ENABLE_OBJC_ARC = YES;
				CLANG_WARN_BOOL_CONVERSION = YES;
				CLANG_WARN_CONSTANT_CONVERSION = YES;
				CLANG_WARN_DIRECT_OBJC_ISA_USAGE = YES_ERROR;
				CLANG_WARN_EMPTY_BODY = YES;
				CLANG_WARN_ENUM_CONVERSION = YES;
				CLANG_WARN_INT_CONVERSION = YES;
				CLANG_WARN_OBJC_ROOT_CLASS = YES_ERROR;
				CLANG_WARN_UNREACHABLE_CODE = YES;
				CLANG_WARN__DUPLICATE_METHOD_MATCH = YES;
				CODE_SIGN_IDENTITY = "-";
				COPY_PHASE_STRIP = NO;
				ENABLE_STRICT_OBJC_MSGSEND = YES;
				GCC_C_LANGUAGE_STANDARD = gnu99;
				GCC_DYNAMIC_NO_PIC = NO;
				GCC_OPTIMIZATION_LEVEL = 0;
				GCC_PREPROCESSOR_DEFINITIONS = (
					"DEBUG=1",
					"$(inherited)",
				);
				GCC_SYMBOLS_PRIVATE_EXTERN = NO;
				GCC_WARN_64_TO_32_BIT_CONVERSION = YES;
				GCC_WARN_ABOUT_RETURN_TYPE = YES_ERROR;
				GCC_WARN_UNDECLARED_SELECTOR = YES;
				GCC_WARN_UNINITIALIZED_AUTOS = YES_AGGRESSIVE;
				GCC_WARN_UNUSED_FUNCTION = YES;
				GCC_WARN_UNUSED_VARIABLE = YES;
				MACOSX_DEPLOYMENT_TARGET = 10.10;
				MTL_ENABLE_DEBUG_INFO = YES;
				ONLY_ACTIVE_ARCH = YES;
				SDKROOT = macosx;
				SWIFT_OPTIMIZATION_LEVEL = "-Onone";
			};
			name = Debug;
		};
		AECF5AEE1AC74A55003C0330 /* Release */ = {
			isa = XCBuildConfiguration;
			buildSettings = {
				ALWAYS_SEARCH_USER_PATHS = NO;
				CLANG_CXX_LANGUAGE_STANDARD = "gnu++0x";
				CLANG_CXX_LIBRARY = "libc++";
				CLANG_ENABLE_MODULES = YES;
				CLANG_ENABLE_OBJC_ARC = YES;
				CLANG_WARN_BOOL_CONVERSION = YES;
				CLANG_WARN_CONSTANT_CONVERSION = YES;
				CLANG_WARN_DIRECT_OBJC_ISA_USAGE = YES_ERROR;
				CLANG_WARN_EMPTY_BODY = YES;
				CLANG_WARN_ENUM_CONVERSION = YES;
				CLANG_WARN_INT_CONVERSION = YES;
				CLANG_WARN_OBJC_ROOT_CLASS = YES_ERROR;
				CLANG_WARN_UNREACHABLE_CODE = YES;
				CLANG_WARN__DUPLICATE_METHOD_MATCH = YES;
				CODE_SIGN_IDENTITY = "-";
				COPY_PHASE_STRIP = NO;
				DEBUG_INFORMATION_FORMAT = "dwarf-with-dsym";
				ENABLE_NS_ASSERTIONS = NO;
				ENABLE_STRICT_OBJC_MSGSEND = YES;
				GCC_C_LANGUAGE_STANDARD = gnu99;
				GCC_WARN_64_TO_32_BIT_CONVERSION = YES;
				GCC_WARN_ABOUT_RETURN_TYPE = YES_ERROR;
				GCC_WARN_UNDECLARED_SELECTOR = YES;
				GCC_WARN_UNINITIALIZED_AUTOS = YES_AGGRESSIVE;
				GCC_WARN_UNUSED_FUNCTION = YES;
				GCC_WARN_UNUSED_VARIABLE = YES;
				MACOSX_DEPLOYMENT_TARGET = 10.10;
				MTL_ENABLE_DEBUG_INFO = NO;
				SDKROOT = macosx;
			};
			name = Release;
		};
		AECF5AF01AC74A55003C0330 /* Debug */ = {
			isa = XCBuildConfiguration;
			buildSettings = {
				ASSETCATALOG_COMPILER_APPICON_NAME = AppIcon;
				COMBINE_HIDPI_IMAGES = YES;
				INFOPLIST_FILE = SickbeardLauncher/Info.plist;
				LD_RUNPATH_SEARCH_PATHS = "$(inherited) @executable_path/../Frameworks";
				PRODUCT_NAME = "$(TARGET_NAME)";
			};
			name = Debug;
		};
		AECF5AF11AC74A55003C0330 /* Release */ = {
			isa = XCBuildConfiguration;
			buildSettings = {
				ASSETCATALOG_COMPILER_APPICON_NAME = AppIcon;
				COMBINE_HIDPI_IMAGES = YES;
				INFOPLIST_FILE = SickbeardLauncher/Info.plist;
				LD_RUNPATH_SEARCH_PATHS = "$(inherited) @executable_path/../Frameworks";
				PRODUCT_NAME = "$(TARGET_NAME)";
			};
			name = Release;
		};
		AECF5AF31AC74A55003C0330 /* Debug */ = {
			isa = XCBuildConfiguration;
			buildSettings = {
				BUNDLE_LOADER = "$(TEST_HOST)";
				COMBINE_HIDPI_IMAGES = YES;
				FRAMEWORK_SEARCH_PATHS = (
					"$(DEVELOPER_FRAMEWORKS_DIR)",
					"$(inherited)",
				);
				GCC_PREPROCESSOR_DEFINITIONS = (
					"DEBUG=1",
					"$(inherited)",
				);
				INFOPLIST_FILE = SickbeardLauncherTests/Info.plist;
				LD_RUNPATH_SEARCH_PATHS = "$(inherited) @executable_path/../Frameworks @loader_path/../Frameworks";
				PRODUCT_NAME = "$(TARGET_NAME)";
				TEST_HOST = "$(BUILT_PRODUCTS_DIR)/SickbeardLauncher.app/Contents/MacOS/SickbeardLauncher";
			};
			name = Debug;
		};
		AECF5AF41AC74A55003C0330 /* Release */ = {
			isa = XCBuildConfiguration;
			buildSettings = {
				BUNDLE_LOADER = "$(TEST_HOST)";
				COMBINE_HIDPI_IMAGES = YES;
				FRAMEWORK_SEARCH_PATHS = (
					"$(DEVELOPER_FRAMEWORKS_DIR)",
					"$(inherited)",
				);
				INFOPLIST_FILE = SickbeardLauncherTests/Info.plist;
				LD_RUNPATH_SEARCH_PATHS = "$(inherited) @executable_path/../Frameworks @loader_path/../Frameworks";
				PRODUCT_NAME = "$(TARGET_NAME)";
				TEST_HOST = "$(BUILT_PRODUCTS_DIR)/SickbeardLauncher.app/Contents/MacOS/SickbeardLauncher";
			};
			name = Release;
		};
/* End XCBuildConfiguration section */

/* Begin XCConfigurationList section */
		AECF5AD01AC74A55003C0330 /* Build configuration list for PBXProject "SickbeardLauncher" */ = {
			isa = XCConfigurationList;
			buildConfigurations = (
				AECF5AED1AC74A55003C0330 /* Debug */,
				AECF5AEE1AC74A55003C0330 /* Release */,
			);
			defaultConfigurationIsVisible = 0;
			defaultConfigurationName = Release;
		};
		AECF5AEF1AC74A55003C0330 /* Build configuration list for PBXNativeTarget "SickbeardLauncher" */ = {
			isa = XCConfigurationList;
			buildConfigurations = (
				AECF5AF01AC74A55003C0330 /* Debug */,
				AECF5AF11AC74A55003C0330 /* Release */,
			);
			defaultConfigurationIsVisible = 0;
			defaultConfigurationName = Release;
		};
		AECF5AF21AC74A55003C0330 /* Build configuration list for PBXNativeTarget "SickbeardLauncherTests" */ = {
			isa = XCConfigurationList;
			buildConfigurations = (
				AECF5AF31AC74A55003C0330 /* Debug */,
				AECF5AF41AC74A55003C0330 /* Release */,
			);
			defaultConfigurationIsVisible = 0;
			defaultConfigurationName = Release;
		};
/* End XCConfigurationList section */
	};
	rootObject = AECF5ACD1AC74A55003C0330 /* Project object */;
}
